
Microsoft Visual Studio Solution File, Format Version 12.00
# Visual Studio Version 16
VisualStudioVersion = 16.0.30225.117
MinimumVisualStudioVersion = 10.0.40219.1
Project("{9A19103F-16F7-4668-BE54-9A1E7A4F7556}") = "QR code", "QR code\QR code.csproj", "{82A0FDC2-A70A-44EE-837A-7739CE8AEF30}"
EndProject
Project("{2150E333-8FDC-42A3-9474-1A3956D46DE8}") = "Solution Items", "Solution Items", "{BF84340F-CEDB-4DB3-BCA9-C84604CBCFEB}"
EndProject
Global
	GlobalSection(SolutionConfigurationPlatforms) = preSolution
		Debug|Any CPU = Debug|Any CPU
		Release|Any CPU = Release|Any CPU
	EndGlobalSection
	GlobalSection(ProjectConfigurationPlatforms) = postSolution
		{82A0FDC2-A70A-44EE-837A-7739CE8AEF30}.Debug|Any CPU.ActiveCfg = Debug|Any CPU
		{82A0FDC2-A70A-44EE-837A-7739CE8AEF30}.Debug|Any CPU.Build.0 = Debug|Any CPU
		{82A0FDC2-A70A-44EE-837A-7739CE8AEF30}.Release|Any CPU.ActiveCfg = Release|Any CPU
		{82A0FDC2-A70A-44EE-837A-7739CE8AEF30}.Release|Any CPU.Build.0 = Release|Any CPU
	EndGlobalSection
	GlobalSection(SolutionProperties) = preSolution
		HideSolutionNode = FALSE
	EndGlobalSection
	GlobalSection(ExtensibilityGlobals) = postSolution
		SolutionGuid = {05C15047-B41F-40CF-AAB4-BA0ADC57B904}
	EndGlobalSection
EndGlobal
