
Microsoft Visual Studio Solution File, Format Version 12.00
# Visual Studio Version 16
VisualStudioVersion = 16.0.30225.117
MinimumVisualStudioVersion = 10.0.40219.1
Project("{9A19103F-16F7-4668-BE54-9A1E7A4F7556}") = "QR", "QR.csproj", "{772941ED-EA8E-4E5C-8B95-08F663D62E5D}"
EndProject
Global
	GlobalSection(SolutionConfigurationPlatforms) = preSolution
		Debug|Any CPU = Debug|Any CPU
		Release|Any CPU = Release|Any CPU
	EndGlobalSection
	GlobalSection(ProjectConfigurationPlatforms) = postSolution
		{772941ED-EA8E-4E5C-8B95-08F663D62E5D}.Debug|Any CPU.ActiveCfg = Debug|Any CPU
		{772941ED-EA8E-4E5C-8B95-08F663D62E5D}.Debug|Any CPU.Build.0 = Debug|Any CPU
		{772941ED-EA8E-4E5C-8B95-08F663D62E5D}.Release|Any CPU.ActiveCfg = Release|Any CPU
		{772941ED-EA8E-4E5C-8B95-08F663D62E5D}.Release|Any CPU.Build.0 = Release|Any CPU
	EndGlobalSection
	GlobalSection(SolutionProperties) = preSolution
		HideSolutionNode = FALSE
	EndGlobalSection
	GlobalSection(ExtensibilityGlobals) = postSolution
		SolutionGuid = {3FE41A74-22DF-4383-8CAB-D54C7E3AFA1B}
	EndGlobalSection
EndGlobal
